// !$*UTF8*$!
{
	archiveVersion = 1;
	classes = {
	};
	objectVersion = 46;
	objects = {

/* Begin PBXBuildFile section */
		6D10E1011A10AFC5006DD677 /* CPSRootWireframe.m in Sources */ = {isa = PBXBuildFile; fileRef = 6D10E1001A10AFC5006DD677 /* CPSRootWireframe.m */; };
		6D10E1091A10B866006DD677 /* CPSRevealRootPresenter.m in Sources */ = {isa = PBXBuildFile; fileRef = 6D10E1081A10B866006DD677 /* CPSRevealRootPresenter.m */; };
		6D10E10A1A10B8A1006DD677 /* CPSRevealRootPresenter.m in Sources */ = {isa = PBXBuildFile; fileRef = 6D10E1081A10B866006DD677 /* CPSRevealRootPresenter.m */; };
		6D10E10B1A10B8A4006DD677 /* CPSRootWireframe.m in Sources */ = {isa = PBXBuildFile; fileRef = 6D10E1001A10AFC5006DD677 /* CPSRootWireframe.m */; };
		6D10E1101A10BC3A006DD677 /* CPSRevealRootPresenterTests.m in Sources */ = {isa = PBXBuildFile; fileRef = 6D10E10F1A10BC3A006DD677 /* CPSRevealRootPresenterTests.m */; };
		6D10E1161A10C677006DD677 /* CPSMenuInteractor.m in Sources */ = {isa = PBXBuildFile; fileRef = 6D10E1151A10C677006DD677 /* CPSMenuInteractor.m */; };
		6D10E11A1A10C8C0006DD677 /* CPSMenuItem.m in Sources */ = {isa = PBXBuildFile; fileRef = 6D10E1191A10C8C0006DD677 /* CPSMenuItem.m */; };
		6D10E11D1A10C8D8006DD677 /* CPSViewControllerMenuItem.m in Sources */ = {isa = PBXBuildFile; fileRef = 6D10E11C1A10C8D8006DD677 /* CPSViewControllerMenuItem.m */; };
		6D10E1211A10D065006DD677 /* CPSMenuItemTests.m in Sources */ = {isa = PBXBuildFile; fileRef = 6D10E1201A10D065006DD677 /* CPSMenuItemTests.m */; };
		6D10E1221A10D65E006DD677 /* CPSViewControllerMenuItem.m in Sources */ = {isa = PBXBuildFile; fileRef = 6D10E11C1A10C8D8006DD677 /* CPSViewControllerMenuItem.m */; };
		6D10E1231A10D660006DD677 /* CPSMenuItem.m in Sources */ = {isa = PBXBuildFile; fileRef = 6D10E1191A10C8C0006DD677 /* CPSMenuItem.m */; };
		6D10E1241A10D666006DD677 /* CPSMenuInteractor.m in Sources */ = {isa = PBXBuildFile; fileRef = 6D10E1151A10C677006DD677 /* CPSMenuInteractor.m */; };
		6D5432391A1CD5FE00746CB7 /* CPSBaseWireframe.m in Sources */ = {isa = PBXBuildFile; fileRef = 6D5432381A1CD5FE00746CB7 /* CPSBaseWireframe.m */; };
		6D5432421A1CE02B00746CB7 /* CPSAccessPagePresenter.m in Sources */ = {isa = PBXBuildFile; fileRef = 6D5432411A1CE02B00746CB7 /* CPSAccessPagePresenter.m */; };
		6D54324A1A1CE46E00746CB7 /* CPSAccessPageViewController.m in Sources */ = {isa = PBXBuildFile; fileRef = 6D5432491A1CE46E00746CB7 /* CPSAccessPageViewController.m */; };
		6D54324F1A1DEFE500746CB7 /* animated_background.mp4 in Resources */ = {isa = PBXBuildFile; fileRef = 6D54324E1A1DEFE500746CB7 /* animated_background.mp4 */; };
		6D5432501A1DF2D100746CB7 /* CPSPlaceholderWireframe.m in Sources */ = {isa = PBXBuildFile; fileRef = 6DEA20D41A1603DD001AAC42 /* CPSPlaceholderWireframe.m */; };
		6D5432511A1DF2D500746CB7 /* CPSAccessPageViewController.m in Sources */ = {isa = PBXBuildFile; fileRef = 6D5432491A1CE46E00746CB7 /* CPSAccessPageViewController.m */; };
		6D5432521A1DF2D900746CB7 /* CPSAccessPagePresenter.m in Sources */ = {isa = PBXBuildFile; fileRef = 6D5432411A1CE02B00746CB7 /* CPSAccessPagePresenter.m */; };
		6D5432551A1E055000746CB7 /* CPSRootWireframeMenuDelegate.m in Sources */ = {isa = PBXBuildFile; fileRef = 6D5432541A1E055000746CB7 /* CPSRootWireframeMenuDelegate.m */; };
		6D5432571A1E0D6C00746CB7 /* CPSRootWireframeMenuDelegateTests.m in Sources */ = {isa = PBXBuildFile; fileRef = 6D5432561A1E0D6C00746CB7 /* CPSRootWireframeMenuDelegateTests.m */; };
		6D54325A1A1E0F9500746CB7 /* CPSViewControllerProviderUtils.m in Sources */ = {isa = PBXBuildFile; fileRef = 6D5432591A1E0F9500746CB7 /* CPSViewControllerProviderUtils.m */; };
		6D54325D1A1E1FD300746CB7 /* menu_item_description.plist in Resources */ = {isa = PBXBuildFile; fileRef = 6D54325C1A1E1FD300746CB7 /* menu_item_description.plist */; };
		6D5432601A1E279700746CB7 /* CPSMenuItemLoader.m in Sources */ = {isa = PBXBuildFile; fileRef = 6D54325F1A1E279700746CB7 /* CPSMenuItemLoader.m */; };
		6D61104B1A14BFAA00210E5D /* CPSRootWireframe+MCRevealPresentation.m in Sources */ = {isa = PBXBuildFile; fileRef = 6D61104A1A14BFAA00210E5D /* CPSRootWireframe+MCRevealPresentation.m */; };
		6D78FC411A0B7A140097E4F5 /* main.m in Sources */ = {isa = PBXBuildFile; fileRef = 6D78FC401A0B7A140097E4F5 /* main.m */; };
		6D78FC441A0B7A140097E4F5 /* AppDelegate.m in Sources */ = {isa = PBXBuildFile; fileRef = 6D78FC431A0B7A140097E4F5 /* AppDelegate.m */; };
		6D78FC4A1A0B7A140097E4F5 /* Main.storyboard in Resources */ = {isa = PBXBuildFile; fileRef = 6D78FC481A0B7A140097E4F5 /* Main.storyboard */; };
		6D78FC4C1A0B7A140097E4F5 /* Images.xcassets in Resources */ = {isa = PBXBuildFile; fileRef = 6D78FC4B1A0B7A140097E4F5 /* Images.xcassets */; };
		6D78FC4F1A0B7A140097E4F5 /* LaunchScreen.xib in Resources */ = {isa = PBXBuildFile; fileRef = 6D78FC4D1A0B7A140097E4F5 /* LaunchScreen.xib */; };
		6D78FC6D1A0B82B70097E4F5 /* CPSRootWireframeTests.m in Sources */ = {isa = PBXBuildFile; fileRef = 6D78FC6C1A0B82B70097E4F5 /* CPSRootWireframeTests.m */; };
		6D8933E91A1B93090099A818 /* CPSViewControllerContentWireframe.m in Sources */ = {isa = PBXBuildFile; fileRef = 6D8933E81A1B93090099A818 /* CPSViewControllerContentWireframe.m */; };
		6D8933EF1A1B9CFF0099A818 /* CPSViewControllerContentWireframeTests.m in Sources */ = {isa = PBXBuildFile; fileRef = 6D8933EE1A1B9CFF0099A818 /* CPSViewControllerContentWireframeTests.m */; };
		6D8933F01A1B9D4F0099A818 /* CPSViewControllerContentWireframe.m in Sources */ = {isa = PBXBuildFile; fileRef = 6D8933E81A1B93090099A818 /* CPSViewControllerContentWireframe.m */; };
		6D8933F61A1C86820099A818 /* CPSRootContentWireframe.m in Sources */ = {isa = PBXBuildFile; fileRef = 6D8933F51A1C86820099A818 /* CPSRootContentWireframe.m */; };
		6D8933F81A1C88100099A818 /* CPSRootContentWireframeTests.m in Sources */ = {isa = PBXBuildFile; fileRef = 6D8933F71A1C88100099A818 /* CPSRootContentWireframeTests.m */; };
		6D8DEA131A139192007C92F8 /* CPSMenuItemTableViewDelegate.m in Sources */ = {isa = PBXBuildFile; fileRef = 6D8DEA121A139192007C92F8 /* CPSMenuItemTableViewDelegate.m */; };
		6D8DEA161A13C3D9007C92F8 /* CPSMenuTableViewController.m in Sources */ = {isa = PBXBuildFile; fileRef = 6D8DEA151A13C3D9007C92F8 /* CPSMenuTableViewController.m */; };
		6D8DEA1B1A13C5B8007C92F8 /* CPSMenuTableViewControllerTests.m in Sources */ = {isa = PBXBuildFile; fileRef = 6D8DEA1A1A13C5B8007C92F8 /* CPSMenuTableViewControllerTests.m */; };
		6D8DEA1E1A14A578007C92F8 /* CPSMenuItemTableViewCell.m in Sources */ = {isa = PBXBuildFile; fileRef = 6D8DEA1D1A14A578007C92F8 /* CPSMenuItemTableViewCell.m */; };
		6DBD91731A14AC7200FA6A51 /* CPSMenuWireframe.m in Sources */ = {isa = PBXBuildFile; fileRef = 6DBD91721A14AC7200FA6A51 /* CPSMenuWireframe.m */; };
		6DBD91761A14AD2700FA6A51 /* CPSAppContext.m in Sources */ = {isa = PBXBuildFile; fileRef = 6DBD91751A14AD2700FA6A51 /* CPSAppContext.m */; };
		6DC8E6501A11F7D100197DB3 /* CPSMenuInteractorTests.m in Sources */ = {isa = PBXBuildFile; fileRef = 6DC8E64F1A11F7D100197DB3 /* CPSMenuInteractorTests.m */; };
		6DC8E65B1A1247A200197DB3 /* CPSCachedViewControllerProvider.m in Sources */ = {isa = PBXBuildFile; fileRef = 6DC8E65A1A1247A200197DB3 /* CPSCachedViewControllerProvider.m */; };
		6DC8E6601A12949D00197DB3 /* CPSMenuPresenter.m in Sources */ = {isa = PBXBuildFile; fileRef = 6DC8E65F1A12949D00197DB3 /* CPSMenuPresenter.m */; };
		6DC8E6651A13810800197DB3 /* CPSMenuPresenterTests.m in Sources */ = {isa = PBXBuildFile; fileRef = 6DC8E6641A13810800197DB3 /* CPSMenuPresenterTests.m */; };
		6DC8E66B1A1388DE00197DB3 /* MCArrayTableViewDatasource.m in Sources */ = {isa = PBXBuildFile; fileRef = 6DC8E66A1A1388DE00197DB3 /* MCArrayTableViewDatasource.m */; };
		6DC8E66E1A138A5300197DB3 /* CPSMenuItemCellPresenter.m in Sources */ = {isa = PBXBuildFile; fileRef = 6DC8E66D1A138A5300197DB3 /* CPSMenuItemCellPresenter.m */; };
		6DC8E6701A138B1E00197DB3 /* CPSMenuItemCellPresenterTests.m in Sources */ = {isa = PBXBuildFile; fileRef = 6DC8E66F1A138B1E00197DB3 /* CPSMenuItemCellPresenterTests.m */; };
		6DEA20CF1A15FF3B001AAC42 /* CPSRevealController.m in Sources */ = {isa = PBXBuildFile; fileRef = 6DEA20CE1A15FF3B001AAC42 /* CPSRevealController.m */; };
		6DEA20D51A1603DD001AAC42 /* CPSPlaceholderWireframe.m in Sources */ = {isa = PBXBuildFile; fileRef = 6DEA20D41A1603DD001AAC42 /* CPSPlaceholderWireframe.m */; };
		6DEA20D91A1606AE001AAC42 /* CPSPlaceholderPresenter.m in Sources */ = {isa = PBXBuildFile; fileRef = 6DEA20D81A1606AE001AAC42 /* CPSPlaceholderPresenter.m */; };
		6DEA20DD1A16070B001AAC42 /* CPSPlaceholderViewController.m in Sources */ = {isa = PBXBuildFile; fileRef = 6DEA20DC1A16070B001AAC42 /* CPSPlaceholderViewController.m */; };
		6DEA20E51A162042001AAC42 /* MCMaskedTableView.m in Sources */ = {isa = PBXBuildFile; fileRef = 6DEA20E41A162042001AAC42 /* MCMaskedTableView.m */; };
		6DEA20E81A1638AA001AAC42 /* Planer_Reg.ttf in Resources */ = {isa = PBXBuildFile; fileRef = 6DEA20E71A163890001AAC42 /* Planer_Reg.ttf */; };
		6DEA20EB1A163A16001AAC42 /* CPSAppearanceConfig.m in Sources */ = {isa = PBXBuildFile; fileRef = 6DEA20EA1A163A16001AAC42 /* CPSAppearanceConfig.m */; };
		76C13A78658DA88850DD7979 /* libPods.a in Frameworks */ = {isa = PBXBuildFile; fileRef = 888BB7766EC1DFB252B3FBBC /* libPods.a */; };
		E0BF00AE3AD224C668B6E35D /* libPods-Cochrane PresentationTests.a in Frameworks */ = {isa = PBXBuildFile; fileRef = 1CC7C682EDA3593D283FE74A /* libPods-Cochrane PresentationTests.a */; };
/* End PBXBuildFile section */

/* Begin PBXContainerItemProxy section */
		6D78FC551A0B7A140097E4F5 /* PBXContainerItemProxy */ = {
			isa = PBXContainerItemProxy;
			containerPortal = 6D78FC331A0B7A140097E4F5 /* Project object */;
			proxyType = 1;
			remoteGlobalIDString = 6D78FC3A1A0B7A140097E4F5;
			remoteInfo = "Cochrane Presentation";
		};
/* End PBXContainerItemProxy section */

/* Begin PBXFileReference section */
		1CC7C682EDA3593D283FE74A /* libPods-Cochrane PresentationTests.a */ = {isa = PBXFileReference; explicitFileType = archive.ar; includeInIndex = 0; path = "libPods-Cochrane PresentationTests.a"; sourceTree = BUILT_PRODUCTS_DIR; };
		2A87F2FA6AD0B26733A8DF01 /* Pods-Cochrane PresentationTests.debug.xcconfig */ = {isa = PBXFileReference; includeInIndex = 1; lastKnownFileType = text.xcconfig; name = "Pods-Cochrane PresentationTests.debug.xcconfig"; path = "Pods/Target Support Files/Pods-Cochrane PresentationTests/Pods-Cochrane PresentationTests.debug.xcconfig"; sourceTree = "<group>"; };
		34CA437028E5848B3F09F9F6 /* Pods.debug.xcconfig */ = {isa = PBXFileReference; includeInIndex = 1; lastKnownFileType = text.xcconfig; name = Pods.debug.xcconfig; path = "Pods/Target Support Files/Pods/Pods.debug.xcconfig"; sourceTree = "<group>"; };
		455A999303C9ED5158A09806 /* Pods.release.xcconfig */ = {isa = PBXFileReference; includeInIndex = 1; lastKnownFileType = text.xcconfig; name = Pods.release.xcconfig; path = "Pods/Target Support Files/Pods/Pods.release.xcconfig"; sourceTree = "<group>"; };
		6D10E0FF1A10AFC5006DD677 /* CPSRootWireframe.h */ = {isa = PBXFileReference; fileEncoding = 4; lastKnownFileType = sourcecode.c.h; path = CPSRootWireframe.h; sourceTree = "<group>"; };
		6D10E1001A10AFC5006DD677 /* CPSRootWireframe.m */ = {isa = PBXFileReference; fileEncoding = 4; lastKnownFileType = sourcecode.c.objc; path = CPSRootWireframe.m; sourceTree = "<group>"; };
		6D10E1021A10B089006DD677 /* CPSViewControllerProvider.h */ = {isa = PBXFileReference; fileEncoding = 4; lastKnownFileType = sourcecode.c.h; path = CPSViewControllerProvider.h; sourceTree = "<group>"; };
		6D10E1031A10B19F006DD677 /* CPSRootPresenter.h */ = {isa = PBXFileReference; fileEncoding = 4; lastKnownFileType = sourcecode.c.h; path = CPSRootPresenter.h; sourceTree = "<group>"; };
		6D10E1071A10B866006DD677 /* CPSRevealRootPresenter.h */ = {isa = PBXFileReference; fileEncoding = 4; lastKnownFileType = sourcecode.c.h; path = CPSRevealRootPresenter.h; sourceTree = "<group>"; };
		6D10E1081A10B866006DD677 /* CPSRevealRootPresenter.m */ = {isa = PBXFileReference; fileEncoding = 4; lastKnownFileType = sourcecode.c.objc; path = CPSRevealRootPresenter.m; sourceTree = "<group>"; };
		6D10E10F1A10BC3A006DD677 /* CPSRevealRootPresenterTests.m */ = {isa = PBXFileReference; fileEncoding = 4; lastKnownFileType = sourcecode.c.objc; path = CPSRevealRootPresenterTests.m; sourceTree = "<group>"; };
		6D10E1141A10C677006DD677 /* CPSMenuInteractor.h */ = {isa = PBXFileReference; fileEncoding = 4; lastKnownFileType = sourcecode.c.h; path = CPSMenuInteractor.h; sourceTree = "<group>"; };
		6D10E1151A10C677006DD677 /* CPSMenuInteractor.m */ = {isa = PBXFileReference; fileEncoding = 4; lastKnownFileType = sourcecode.c.objc; path = CPSMenuInteractor.m; sourceTree = "<group>"; };
		6D10E1181A10C8C0006DD677 /* CPSMenuItem.h */ = {isa = PBXFileReference; fileEncoding = 4; lastKnownFileType = sourcecode.c.h; path = CPSMenuItem.h; sourceTree = "<group>"; };
		6D10E1191A10C8C0006DD677 /* CPSMenuItem.m */ = {isa = PBXFileReference; fileEncoding = 4; lastKnownFileType = sourcecode.c.objc; path = CPSMenuItem.m; sourceTree = "<group>"; };
		6D10E11B1A10C8D8006DD677 /* CPSViewControllerMenuItem.h */ = {isa = PBXFileReference; fileEncoding = 4; lastKnownFileType = sourcecode.c.h; path = CPSViewControllerMenuItem.h; sourceTree = "<group>"; };
		6D10E11C1A10C8D8006DD677 /* CPSViewControllerMenuItem.m */ = {isa = PBXFileReference; fileEncoding = 4; lastKnownFileType = sourcecode.c.objc; path = CPSViewControllerMenuItem.m; sourceTree = "<group>"; };
		6D10E1201A10D065006DD677 /* CPSMenuItemTests.m */ = {isa = PBXFileReference; fileEncoding = 4; lastKnownFileType = sourcecode.c.objc; path = CPSMenuItemTests.m; sourceTree = "<group>"; };
		6D10E12D1A11F3F2006DD677 /* CPSMenuInteractorIO.h */ = {isa = PBXFileReference; fileEncoding = 4; lastKnownFileType = sourcecode.c.h; path = CPSMenuInteractorIO.h; sourceTree = "<group>"; };
		6D5432371A1CD5FE00746CB7 /* CPSBaseWireframe.h */ = {isa = PBXFileReference; fileEncoding = 4; lastKnownFileType = sourcecode.c.h; path = CPSBaseWireframe.h; sourceTree = "<group>"; };
		6D5432381A1CD5FE00746CB7 /* CPSBaseWireframe.m */ = {isa = PBXFileReference; fileEncoding = 4; lastKnownFileType = sourcecode.c.objc; path = CPSBaseWireframe.m; sourceTree = "<group>"; };
		6D54323C1A1CDE1000746CB7 /* CPSPresenter.h */ = {isa = PBXFileReference; fileEncoding = 4; lastKnownFileType = sourcecode.c.h; path = CPSPresenter.h; sourceTree = "<group>"; };
		6D5432401A1CE02B00746CB7 /* CPSAccessPagePresenter.h */ = {isa = PBXFileReference; fileEncoding = 4; lastKnownFileType = sourcecode.c.h; path = CPSAccessPagePresenter.h; sourceTree = "<group>"; };
		6D5432411A1CE02B00746CB7 /* CPSAccessPagePresenter.m */ = {isa = PBXFileReference; fileEncoding = 4; lastKnownFileType = sourcecode.c.objc; path = CPSAccessPagePresenter.m; sourceTree = "<group>"; };
		6D5432441A1CE0A500746CB7 /* CPSView.h */ = {isa = PBXFileReference; fileEncoding = 4; lastKnownFileType = sourcecode.c.h; path = CPSView.h; sourceTree = "<group>"; };
		6D5432451A1CE22D00746CB7 /* CPSAccessPageInterface.h */ = {isa = PBXFileReference; fileEncoding = 4; lastKnownFileType = sourcecode.c.h; path = CPSAccessPageInterface.h; sourceTree = "<group>"; };
		6D5432481A1CE46E00746CB7 /* CPSAccessPageViewController.h */ = {isa = PBXFileReference; fileEncoding = 4; lastKnownFileType = sourcecode.c.h; path = CPSAccessPageViewController.h; sourceTree = "<group>"; };
		6D5432491A1CE46E00746CB7 /* CPSAccessPageViewController.m */ = {isa = PBXFileReference; fileEncoding = 4; lastKnownFileType = sourcecode.c.objc; path = CPSAccessPageViewController.m; sourceTree = "<group>"; };
		6D54324E1A1DEFE500746CB7 /* animated_background.mp4 */ = {isa = PBXFileReference; lastKnownFileType = file; path = animated_background.mp4; sourceTree = "<group>"; };
		6D5432531A1E055000746CB7 /* CPSRootWireframeMenuDelegate.h */ = {isa = PBXFileReference; fileEncoding = 4; lastKnownFileType = sourcecode.c.h; path = CPSRootWireframeMenuDelegate.h; sourceTree = "<group>"; };
		6D5432541A1E055000746CB7 /* CPSRootWireframeMenuDelegate.m */ = {isa = PBXFileReference; fileEncoding = 4; lastKnownFileType = sourcecode.c.objc; path = CPSRootWireframeMenuDelegate.m; sourceTree = "<group>"; };
		6D5432561A1E0D6C00746CB7 /* CPSRootWireframeMenuDelegateTests.m */ = {isa = PBXFileReference; fileEncoding = 4; lastKnownFileType = sourcecode.c.objc; path = CPSRootWireframeMenuDelegateTests.m; sourceTree = "<group>"; };
		6D5432591A1E0F9500746CB7 /* CPSViewControllerProviderUtils.m */ = {isa = PBXFileReference; fileEncoding = 4; lastKnownFileType = sourcecode.c.objc; path = CPSViewControllerProviderUtils.m; sourceTree = "<group>"; };
		6D54325C1A1E1FD300746CB7 /* menu_item_description.plist */ = {isa = PBXFileReference; fileEncoding = 4; lastKnownFileType = text.plist.xml; path = menu_item_description.plist; sourceTree = "<group>"; };
		6D54325E1A1E279700746CB7 /* CPSMenuItemLoader.h */ = {isa = PBXFileReference; fileEncoding = 4; lastKnownFileType = sourcecode.c.h; path = CPSMenuItemLoader.h; sourceTree = "<group>"; };
		6D54325F1A1E279700746CB7 /* CPSMenuItemLoader.m */ = {isa = PBXFileReference; fileEncoding = 4; lastKnownFileType = sourcecode.c.objc; path = CPSMenuItemLoader.m; sourceTree = "<group>"; };
		6D6110491A14BFAA00210E5D /* CPSRootWireframe+MCRevealPresentation.h */ = {isa = PBXFileReference; fileEncoding = 4; lastKnownFileType = sourcecode.c.h; path = "CPSRootWireframe+MCRevealPresentation.h"; sourceTree = "<group>"; };
		6D61104A1A14BFAA00210E5D /* CPSRootWireframe+MCRevealPresentation.m */ = {isa = PBXFileReference; fileEncoding = 4; lastKnownFileType = sourcecode.c.objc; path = "CPSRootWireframe+MCRevealPresentation.m"; sourceTree = "<group>"; };
		6D78FC3B1A0B7A140097E4F5 /* Cochrane Presentation.app */ = {isa = PBXFileReference; explicitFileType = wrapper.application; includeInIndex = 0; path = "Cochrane Presentation.app"; sourceTree = BUILT_PRODUCTS_DIR; };
		6D78FC3F1A0B7A140097E4F5 /* Info.plist */ = {isa = PBXFileReference; lastKnownFileType = text.plist.xml; path = Info.plist; sourceTree = "<group>"; };
		6D78FC401A0B7A140097E4F5 /* main.m */ = {isa = PBXFileReference; lastKnownFileType = sourcecode.c.objc; path = main.m; sourceTree = "<group>"; };
		6D78FC421A0B7A140097E4F5 /* AppDelegate.h */ = {isa = PBXFileReference; lastKnownFileType = sourcecode.c.h; path = AppDelegate.h; sourceTree = "<group>"; };
		6D78FC431A0B7A140097E4F5 /* AppDelegate.m */ = {isa = PBXFileReference; lastKnownFileType = sourcecode.c.objc; path = AppDelegate.m; sourceTree = "<group>"; };
		6D78FC491A0B7A140097E4F5 /* Base */ = {isa = PBXFileReference; lastKnownFileType = file.storyboard; name = Base; path = Base.lproj/Main.storyboard; sourceTree = "<group>"; };
		6D78FC4B1A0B7A140097E4F5 /* Images.xcassets */ = {isa = PBXFileReference; lastKnownFileType = folder.assetcatalog; name = Images.xcassets; path = ../Images.xcassets; sourceTree = "<group>"; };
		6D78FC4E1A0B7A140097E4F5 /* Base */ = {isa = PBXFileReference; lastKnownFileType = file.xib; name = Base; path = Base.lproj/LaunchScreen.xib; sourceTree = "<group>"; };
		6D78FC541A0B7A140097E4F5 /* Cochrane PresentationTests.xctest */ = {isa = PBXFileReference; explicitFileType = wrapper.cfbundle; includeInIndex = 0; path = "Cochrane PresentationTests.xctest"; sourceTree = BUILT_PRODUCTS_DIR; };
		6D78FC591A0B7A140097E4F5 /* Info.plist */ = {isa = PBXFileReference; lastKnownFileType = text.plist.xml; path = Info.plist; sourceTree = "<group>"; };
		6D78FC6C1A0B82B70097E4F5 /* CPSRootWireframeTests.m */ = {isa = PBXFileReference; fileEncoding = 4; lastKnownFileType = sourcecode.c.objc; path = CPSRootWireframeTests.m; sourceTree = "<group>"; };
		6D8933E71A1B93090099A818 /* CPSViewControllerContentWireframe.h */ = {isa = PBXFileReference; fileEncoding = 4; lastKnownFileType = sourcecode.c.h; path = CPSViewControllerContentWireframe.h; sourceTree = "<group>"; };
		6D8933E81A1B93090099A818 /* CPSViewControllerContentWireframe.m */ = {isa = PBXFileReference; fileEncoding = 4; lastKnownFileType = sourcecode.c.objc; path = CPSViewControllerContentWireframe.m; sourceTree = "<group>"; };
		6D8933EA1A1B93DC0099A818 /* CPSContentWireframe.h */ = {isa = PBXFileReference; fileEncoding = 4; lastKnownFileType = sourcecode.c.h; path = CPSContentWireframe.h; sourceTree = "<group>"; };
		6D8933EE1A1B9CFF0099A818 /* CPSViewControllerContentWireframeTests.m */ = {isa = PBXFileReference; fileEncoding = 4; lastKnownFileType = sourcecode.c.objc; path = CPSViewControllerContentWireframeTests.m; sourceTree = "<group>"; };
		6D8933F41A1C86820099A818 /* CPSRootContentWireframe.h */ = {isa = PBXFileReference; fileEncoding = 4; lastKnownFileType = sourcecode.c.h; path = CPSRootContentWireframe.h; sourceTree = "<group>"; };
		6D8933F51A1C86820099A818 /* CPSRootContentWireframe.m */ = {isa = PBXFileReference; fileEncoding = 4; lastKnownFileType = sourcecode.c.objc; path = CPSRootContentWireframe.m; sourceTree = "<group>"; };
		6D8933F71A1C88100099A818 /* CPSRootContentWireframeTests.m */ = {isa = PBXFileReference; fileEncoding = 4; lastKnownFileType = sourcecode.c.objc; path = CPSRootContentWireframeTests.m; sourceTree = "<group>"; };
		6D8DEA111A139192007C92F8 /* CPSMenuItemTableViewDelegate.h */ = {isa = PBXFileReference; fileEncoding = 4; lastKnownFileType = sourcecode.c.h; path = CPSMenuItemTableViewDelegate.h; sourceTree = "<group>"; };
		6D8DEA121A139192007C92F8 /* CPSMenuItemTableViewDelegate.m */ = {isa = PBXFileReference; fileEncoding = 4; lastKnownFileType = sourcecode.c.objc; path = CPSMenuItemTableViewDelegate.m; sourceTree = "<group>"; };
		6D8DEA141A13C3D9007C92F8 /* CPSMenuTableViewController.h */ = {isa = PBXFileReference; fileEncoding = 4; lastKnownFileType = sourcecode.c.h; path = CPSMenuTableViewController.h; sourceTree = "<group>"; };
		6D8DEA151A13C3D9007C92F8 /* CPSMenuTableViewController.m */ = {isa = PBXFileReference; fileEncoding = 4; lastKnownFileType = sourcecode.c.objc; path = CPSMenuTableViewController.m; sourceTree = "<group>"; };
		6D8DEA1A1A13C5B8007C92F8 /* CPSMenuTableViewControllerTests.m */ = {isa = PBXFileReference; fileEncoding = 4; lastKnownFileType = sourcecode.c.objc; path = CPSMenuTableViewControllerTests.m; sourceTree = "<group>"; };
		6D8DEA1C1A14A578007C92F8 /* CPSMenuItemTableViewCell.h */ = {isa = PBXFileReference; fileEncoding = 4; lastKnownFileType = sourcecode.c.h; path = CPSMenuItemTableViewCell.h; sourceTree = "<group>"; };
		6D8DEA1D1A14A578007C92F8 /* CPSMenuItemTableViewCell.m */ = {isa = PBXFileReference; fileEncoding = 4; lastKnownFileType = sourcecode.c.objc; path = CPSMenuItemTableViewCell.m; sourceTree = "<group>"; };
		6DBD91711A14AC7200FA6A51 /* CPSMenuWireframe.h */ = {isa = PBXFileReference; fileEncoding = 4; lastKnownFileType = sourcecode.c.h; path = CPSMenuWireframe.h; sourceTree = "<group>"; };
		6DBD91721A14AC7200FA6A51 /* CPSMenuWireframe.m */ = {isa = PBXFileReference; fileEncoding = 4; lastKnownFileType = sourcecode.c.objc; path = CPSMenuWireframe.m; sourceTree = "<group>"; };
		6DBD91741A14AD2700FA6A51 /* CPSAppContext.h */ = {isa = PBXFileReference; fileEncoding = 4; lastKnownFileType = sourcecode.c.h; path = CPSAppContext.h; sourceTree = "<group>"; };
		6DBD91751A14AD2700FA6A51 /* CPSAppContext.m */ = {isa = PBXFileReference; fileEncoding = 4; lastKnownFileType = sourcecode.c.objc; path = CPSAppContext.m; sourceTree = "<group>"; };
		6DC8E64F1A11F7D100197DB3 /* CPSMenuInteractorTests.m */ = {isa = PBXFileReference; fileEncoding = 4; lastKnownFileType = sourcecode.c.objc; path = CPSMenuInteractorTests.m; sourceTree = "<group>"; };
		6DC8E6591A1247A200197DB3 /* CPSCachedViewControllerProvider.h */ = {isa = PBXFileReference; fileEncoding = 4; lastKnownFileType = sourcecode.c.h; path = CPSCachedViewControllerProvider.h; sourceTree = "<group>"; };
		6DC8E65A1A1247A200197DB3 /* CPSCachedViewControllerProvider.m */ = {isa = PBXFileReference; fileEncoding = 4; lastKnownFileType = sourcecode.c.objc; path = CPSCachedViewControllerProvider.m; sourceTree = "<group>"; };
		6DC8E65E1A12949D00197DB3 /* CPSMenuPresenter.h */ = {isa = PBXFileReference; fileEncoding = 4; lastKnownFileType = sourcecode.c.h; path = CPSMenuPresenter.h; sourceTree = "<group>"; };
		6DC8E65F1A12949D00197DB3 /* CPSMenuPresenter.m */ = {isa = PBXFileReference; fileEncoding = 4; lastKnownFileType = sourcecode.c.objc; path = CPSMenuPresenter.m; sourceTree = "<group>"; };
		6DC8E6621A12953F00197DB3 /* CPSMenuViewInterface.h */ = {isa = PBXFileReference; fileEncoding = 4; lastKnownFileType = sourcecode.c.h; path = CPSMenuViewInterface.h; sourceTree = "<group>"; };
		6DC8E6641A13810800197DB3 /* CPSMenuPresenterTests.m */ = {isa = PBXFileReference; fileEncoding = 4; lastKnownFileType = sourcecode.c.objc; path = CPSMenuPresenterTests.m; sourceTree = "<group>"; };
		6DC8E6681A13885500197DB3 /* MCTableViewCellPresenter.h */ = {isa = PBXFileReference; fileEncoding = 4; lastKnownFileType = sourcecode.c.h; path = MCTableViewCellPresenter.h; sourceTree = "<group>"; };
		6DC8E6691A1388DE00197DB3 /* MCArrayTableViewDatasource.h */ = {isa = PBXFileReference; fileEncoding = 4; lastKnownFileType = sourcecode.c.h; path = MCArrayTableViewDatasource.h; sourceTree = "<group>"; };
		6DC8E66A1A1388DE00197DB3 /* MCArrayTableViewDatasource.m */ = {isa = PBXFileReference; fileEncoding = 4; lastKnownFileType = sourcecode.c.objc; path = MCArrayTableViewDatasource.m; sourceTree = "<group>"; };
		6DC8E66C1A138A5300197DB3 /* CPSMenuItemCellPresenter.h */ = {isa = PBXFileReference; fileEncoding = 4; lastKnownFileType = sourcecode.c.h; path = CPSMenuItemCellPresenter.h; sourceTree = "<group>"; };
		6DC8E66D1A138A5300197DB3 /* CPSMenuItemCellPresenter.m */ = {isa = PBXFileReference; fileEncoding = 4; lastKnownFileType = sourcecode.c.objc; path = CPSMenuItemCellPresenter.m; sourceTree = "<group>"; };
		6DC8E66F1A138B1E00197DB3 /* CPSMenuItemCellPresenterTests.m */ = {isa = PBXFileReference; fileEncoding = 4; lastKnownFileType = sourcecode.c.objc; path = CPSMenuItemCellPresenterTests.m; sourceTree = "<group>"; };
		6DC8E6711A138C8500197DB3 /* CPSMenuItemCellInterface.h */ = {isa = PBXFileReference; fileEncoding = 4; lastKnownFileType = sourcecode.c.h; path = CPSMenuItemCellInterface.h; sourceTree = "<group>"; };
		6DEA20CD1A15FF3B001AAC42 /* CPSRevealController.h */ = {isa = PBXFileReference; fileEncoding = 4; lastKnownFileType = sourcecode.c.h; path = CPSRevealController.h; sourceTree = "<group>"; };
		6DEA20CE1A15FF3B001AAC42 /* CPSRevealController.m */ = {isa = PBXFileReference; fileEncoding = 4; lastKnownFileType = sourcecode.c.objc; path = CPSRevealController.m; sourceTree = "<group>"; };
		6DEA20D31A1603DD001AAC42 /* CPSPlaceholderWireframe.h */ = {isa = PBXFileReference; fileEncoding = 4; lastKnownFileType = sourcecode.c.h; path = CPSPlaceholderWireframe.h; sourceTree = "<group>"; };
		6DEA20D41A1603DD001AAC42 /* CPSPlaceholderWireframe.m */ = {isa = PBXFileReference; fileEncoding = 4; lastKnownFileType = sourcecode.c.objc; path = CPSPlaceholderWireframe.m; sourceTree = "<group>"; };
		6DEA20D71A1606AE001AAC42 /* CPSPlaceholderPresenter.h */ = {isa = PBXFileReference; fileEncoding = 4; lastKnownFileType = sourcecode.c.h; path = CPSPlaceholderPresenter.h; sourceTree = "<group>"; };
		6DEA20D81A1606AE001AAC42 /* CPSPlaceholderPresenter.m */ = {isa = PBXFileReference; fileEncoding = 4; lastKnownFileType = sourcecode.c.objc; path = CPSPlaceholderPresenter.m; sourceTree = "<group>"; };
		6DEA20DA1A1606D9001AAC42 /* CPSPlaceholderViewInterface.h */ = {isa = PBXFileReference; fileEncoding = 4; lastKnownFileType = sourcecode.c.h; path = CPSPlaceholderViewInterface.h; sourceTree = "<group>"; };
		6DEA20DB1A16070B001AAC42 /* CPSPlaceholderViewController.h */ = {isa = PBXFileReference; fileEncoding = 4; lastKnownFileType = sourcecode.c.h; path = CPSPlaceholderViewController.h; sourceTree = "<group>"; };
		6DEA20DC1A16070B001AAC42 /* CPSPlaceholderViewController.m */ = {isa = PBXFileReference; fileEncoding = 4; lastKnownFileType = sourcecode.c.objc; path = CPSPlaceholderViewController.m; sourceTree = "<group>"; };
		6DEA20E31A162042001AAC42 /* MCMaskedTableView.h */ = {isa = PBXFileReference; fileEncoding = 4; lastKnownFileType = sourcecode.c.h; path = MCMaskedTableView.h; sourceTree = "<group>"; };
		6DEA20E41A162042001AAC42 /* MCMaskedTableView.m */ = {isa = PBXFileReference; fileEncoding = 4; lastKnownFileType = sourcecode.c.objc; path = MCMaskedTableView.m; sourceTree = "<group>"; };
		6DEA20E71A163890001AAC42 /* Planer_Reg.ttf */ = {isa = PBXFileReference; lastKnownFileType = file; path = Planer_Reg.ttf; sourceTree = "<group>"; };
		6DEA20E91A163A16001AAC42 /* CPSAppearanceConfig.h */ = {isa = PBXFileReference; fileEncoding = 4; lastKnownFileType = sourcecode.c.h; path = CPSAppearanceConfig.h; sourceTree = "<group>"; };
		6DEA20EA1A163A16001AAC42 /* CPSAppearanceConfig.m */ = {isa = PBXFileReference; fileEncoding = 4; lastKnownFileType = sourcecode.c.objc; path = CPSAppearanceConfig.m; sourceTree = "<group>"; };
		74A31BB7765D6B7908888057 /* Pods-Cochrane PresentationTests.release.xcconfig */ = {isa = PBXFileReference; includeInIndex = 1; lastKnownFileType = text.xcconfig; name = "Pods-Cochrane PresentationTests.release.xcconfig"; path = "Pods/Target Support Files/Pods-Cochrane PresentationTests/Pods-Cochrane PresentationTests.release.xcconfig"; sourceTree = "<group>"; };
		888BB7766EC1DFB252B3FBBC /* libPods.a */ = {isa = PBXFileReference; explicitFileType = archive.ar; includeInIndex = 0; path = libPods.a; sourceTree = BUILT_PRODUCTS_DIR; };
/* End PBXFileReference section */

/* Begin PBXFrameworksBuildPhase section */
		6D78FC381A0B7A140097E4F5 /* Frameworks */ = {
			isa = PBXFrameworksBuildPhase;
			buildActionMask = 2147483647;
			files = (
				76C13A78658DA88850DD7979 /* libPods.a in Frameworks */,
			);
			runOnlyForDeploymentPostprocessing = 0;
		};
		6D78FC511A0B7A140097E4F5 /* Frameworks */ = {
			isa = PBXFrameworksBuildPhase;
			buildActionMask = 2147483647;
			files = (
				E0BF00AE3AD224C668B6E35D /* libPods-Cochrane PresentationTests.a in Frameworks */,
			);
			runOnlyForDeploymentPostprocessing = 0;
		};
/* End PBXFrameworksBuildPhase section */

/* Begin PBXGroup section */
		6D10E1131A10C63C006DD677 /* Menu */ = {
			isa = PBXGroup;
			children = (
				6D10E1291A113927006DD677 /* Logic */,
				6D10E1171A10C8AF006DD677 /* Model */,
				6DC8E65C1A12946F00197DB3 /* UI */,
				6DBD91701A14AC5B00FA6A51 /* Wireframe */,
			);
			path = Menu;
			sourceTree = "<group>";
		};
		6D10E1171A10C8AF006DD677 /* Model */ = {
			isa = PBXGroup;
			children = (
				6D10E1181A10C8C0006DD677 /* CPSMenuItem.h */,
				6D10E1191A10C8C0006DD677 /* CPSMenuItem.m */,
				6D10E11B1A10C8D8006DD677 /* CPSViewControllerMenuItem.h */,
				6D10E11C1A10C8D8006DD677 /* CPSViewControllerMenuItem.m */,
			);
			path = Model;
			sourceTree = "<group>";
		};
		6D10E11E1A10D03F006DD677 /* Menu */ = {
			isa = PBXGroup;
			children = (
				6DC8E64E1A11F7BE00197DB3 /* Logic */,
				6D10E11F1A10D054006DD677 /* Model */,
				6D8DEA171A13C509007C92F8 /* UI */,
			);
			path = Menu;
			sourceTree = "<group>";
		};
		6D10E11F1A10D054006DD677 /* Model */ = {
			isa = PBXGroup;
			children = (
				6D10E1201A10D065006DD677 /* CPSMenuItemTests.m */,
			);
			path = Model;
			sourceTree = "<group>";
		};
		6D10E1291A113927006DD677 /* Logic */ = {
			isa = PBXGroup;
			children = (
				6D10E12D1A11F3F2006DD677 /* CPSMenuInteractorIO.h */,
				6D10E1141A10C677006DD677 /* CPSMenuInteractor.h */,
				6D10E1151A10C677006DD677 /* CPSMenuInteractor.m */,
				6D5432531A1E055000746CB7 /* CPSRootWireframeMenuDelegate.h */,
				6D5432541A1E055000746CB7 /* CPSRootWireframeMenuDelegate.m */,
			);
			path = Logic;
			sourceTree = "<group>";
		};
		6D5432351A1CD5AF00746CB7 /* Common */ = {
			isa = PBXGroup;
			children = (
				6D54323A1A1CDDE900746CB7 /* UI */,
				6D5432361A1CD5C600746CB7 /* Wireframe */,
			);
			path = Common;
			sourceTree = "<group>";
		};
		6D5432361A1CD5C600746CB7 /* Wireframe */ = {
			isa = PBXGroup;
			children = (
				6D5432371A1CD5FE00746CB7 /* CPSBaseWireframe.h */,
				6D5432381A1CD5FE00746CB7 /* CPSBaseWireframe.m */,
			);
			path = Wireframe;
			sourceTree = "<group>";
		};
		6D54323A1A1CDDE900746CB7 /* UI */ = {
			isa = PBXGroup;
			children = (
				6D54323B1A1CDDF400746CB7 /* Presenter */,
				6D5432431A1CE09100746CB7 /* View */,
			);
			path = UI;
			sourceTree = "<group>";
		};
		6D54323B1A1CDDF400746CB7 /* Presenter */ = {
			isa = PBXGroup;
			children = (
				6D54323C1A1CDE1000746CB7 /* CPSPresenter.h */,
			);
			path = Presenter;
			sourceTree = "<group>";
		};
		6D54323D1A1CDFCA00746CB7 /* Intro */ = {
			isa = PBXGroup;
			children = (
				6D54323E1A1CDFDF00746CB7 /* Intro Access Page */,
			);
			path = Intro;
			sourceTree = "<group>";
		};
		6D54323E1A1CDFDF00746CB7 /* Intro Access Page */ = {
			isa = PBXGroup;
			children = (
				6D54323F1A1CE01200746CB7 /* UI */,
			);
			path = "Intro Access Page";
			sourceTree = "<group>";
		};
		6D54323F1A1CE01200746CB7 /* UI */ = {
			isa = PBXGroup;
			children = (
				6D5432471A1CE42C00746CB7 /* Presenter */,
				6D5432461A1CE42400746CB7 /* View */,
			);
			path = UI;
			sourceTree = "<group>";
		};
		6D5432431A1CE09100746CB7 /* View */ = {
			isa = PBXGroup;
			children = (
				6D5432441A1CE0A500746CB7 /* CPSView.h */,
			);
			path = View;
			sourceTree = "<group>";
		};
		6D5432461A1CE42400746CB7 /* View */ = {
			isa = PBXGroup;
			children = (
				6D5432481A1CE46E00746CB7 /* CPSAccessPageViewController.h */,
				6D5432491A1CE46E00746CB7 /* CPSAccessPageViewController.m */,
			);
			path = View;
			sourceTree = "<group>";
		};
		6D5432471A1CE42C00746CB7 /* Presenter */ = {
			isa = PBXGroup;
			children = (
				6D5432451A1CE22D00746CB7 /* CPSAccessPageInterface.h */,
				6D5432401A1CE02B00746CB7 /* CPSAccessPagePresenter.h */,
				6D5432411A1CE02B00746CB7 /* CPSAccessPagePresenter.m */,
			);
			path = Presenter;
			sourceTree = "<group>";
		};
		6D54324B1A1DEA9200746CB7 /* Video */ = {
			isa = PBXGroup;
			children = (
				6D54324C1A1DEAAC00746CB7 /* Intro */,
			);
			path = Video;
			sourceTree = "<group>";
		};
		6D54324C1A1DEAAC00746CB7 /* Intro */ = {
			isa = PBXGroup;
			children = (
				6D54324D1A1DEABF00746CB7 /* Access Page */,
			);
			path = Intro;
			sourceTree = "<group>";
		};
		6D54324D1A1DEABF00746CB7 /* Access Page */ = {
			isa = PBXGroup;
			children = (
				6D54324E1A1DEFE500746CB7 /* animated_background.mp4 */,
			);
			path = "Access Page";
			sourceTree = "<group>";
		};
		6D54325B1A1E1F8800746CB7 /* Plist */ = {
			isa = PBXGroup;
			children = (
				6D54325C1A1E1FD300746CB7 /* menu_item_description.plist */,
			);
			path = Plist;
			sourceTree = "<group>";
		};
		6D78FC321A0B7A140097E4F5 = {
			isa = PBXGroup;
			children = (
				6D78FC3D1A0B7A140097E4F5 /* Cochrane Presentation */,
				6D78FC571A0B7A140097E4F5 /* Cochrane PresentationTests */,
				6D78FC3C1A0B7A140097E4F5 /* Products */,
				A9EC3ADCF9E652372F126187 /* Pods */,
				A149F60FFEF6ED2290EABEEA /* Frameworks */,
			);
			sourceTree = "<group>";
		};
		6D78FC3C1A0B7A140097E4F5 /* Products */ = {
			isa = PBXGroup;
			children = (
				6D78FC3B1A0B7A140097E4F5 /* Cochrane Presentation.app */,
				6D78FC541A0B7A140097E4F5 /* Cochrane PresentationTests.xctest */,
			);
			name = Products;
			sourceTree = "<group>";
		};
		6D78FC3D1A0B7A140097E4F5 /* Cochrane Presentation */ = {
			isa = PBXGroup;
			children = (
				6D78FC651A0B7AF00097E4F5 /* Classes */,
				6D78FC671A0B7B850097E4F5 /* Resources */,
				6D78FC3E1A0B7A140097E4F5 /* Supporting Files */,
			);
			path = "Cochrane Presentation";
			sourceTree = "<group>";
		};
		6D78FC3E1A0B7A140097E4F5 /* Supporting Files */ = {
			isa = PBXGroup;
			children = (
				6D78FC3F1A0B7A140097E4F5 /* Info.plist */,
				6D78FC401A0B7A140097E4F5 /* main.m */,
			);
			name = "Supporting Files";
			sourceTree = "<group>";
		};
		6D78FC571A0B7A140097E4F5 /* Cochrane PresentationTests */ = {
			isa = PBXGroup;
			children = (
				6D78FC691A0B80C90097E4F5 /* Application Navigation */,
				6D78FC581A0B7A140097E4F5 /* Supporting Files */,
			);
			path = "Cochrane PresentationTests";
			sourceTree = "<group>";
		};
		6D78FC581A0B7A140097E4F5 /* Supporting Files */ = {
			isa = PBXGroup;
			children = (
				6D78FC591A0B7A140097E4F5 /* Info.plist */,
			);
			name = "Supporting Files";
			sourceTree = "<group>";
		};
		6D78FC651A0B7AF00097E4F5 /* Classes */ = {
			isa = PBXGroup;
			children = (
				6D78FC661A0B7AFF0097E4F5 /* Application */,
				6D78FC681A0B7BEA0097E4F5 /* Application Navigation */,
				6D5432351A1CD5AF00746CB7 /* Common */,
				6DEA20D01A160385001AAC42 /* Modules */,
				6DC8E6661A1387EB00197DB3 /* Utility */,
			);
			path = Classes;
			sourceTree = "<group>";
		};
		6D78FC661A0B7AFF0097E4F5 /* Application */ = {
			isa = PBXGroup;
			children = (
				6D78FC421A0B7A140097E4F5 /* AppDelegate.h */,
				6D78FC431A0B7A140097E4F5 /* AppDelegate.m */,
				6DBD91741A14AD2700FA6A51 /* CPSAppContext.h */,
				6DBD91751A14AD2700FA6A51 /* CPSAppContext.m */,
				6D54325E1A1E279700746CB7 /* CPSMenuItemLoader.h */,
				6D54325F1A1E279700746CB7 /* CPSMenuItemLoader.m */,
				6DEA20E91A163A16001AAC42 /* CPSAppearanceConfig.h */,
				6DEA20EA1A163A16001AAC42 /* CPSAppearanceConfig.m */,
			);
			path = Application;
			sourceTree = "<group>";
		};
		6D78FC671A0B7B850097E4F5 /* Resources */ = {
			isa = PBXGroup;
			children = (
				6DEA20E61A16387E001AAC42 /* Fonts */,
				6D54325B1A1E1F8800746CB7 /* Plist */,
				6D54324B1A1DEA9200746CB7 /* Video */,
				6D78FC481A0B7A140097E4F5 /* Main.storyboard */,
				6D78FC4B1A0B7A140097E4F5 /* Images.xcassets */,
				6D78FC4D1A0B7A140097E4F5 /* LaunchScreen.xib */,
			);
			path = Resources;
			sourceTree = "<group>";
		};
		6D78FC681A0B7BEA0097E4F5 /* Application Navigation */ = {
			isa = PBXGroup;
			children = (
				6D10E1131A10C63C006DD677 /* Menu */,
				6D8933E01A1B8B700099A818 /* Model */,
				6D8933DD1A1B8A830099A818 /* UI */,
				6D8933DC1A1B8A6E0099A818 /* Wireframe */,
				6D6110491A14BFAA00210E5D /* CPSRootWireframe+MCRevealPresentation.h */,
				6D61104A1A14BFAA00210E5D /* CPSRootWireframe+MCRevealPresentation.m */,
			);
			path = "Application Navigation";
			sourceTree = "<group>";
		};
		6D78FC691A0B80C90097E4F5 /* Application Navigation */ = {
			isa = PBXGroup;
			children = (
				6D10E11E1A10D03F006DD677 /* Menu */,
				6D8933EC1A1B9C7D0099A818 /* UI */,
				6D8933EB1A1B9C470099A818 /* Wireframe */,
			);
			path = "Application Navigation";
			sourceTree = "<group>";
		};
		6D8933DC1A1B8A6E0099A818 /* Wireframe */ = {
			isa = PBXGroup;
			children = (
				6D10E0FF1A10AFC5006DD677 /* CPSRootWireframe.h */,
				6D10E1001A10AFC5006DD677 /* CPSRootWireframe.m */,
				6D8933EA1A1B93DC0099A818 /* CPSContentWireframe.h */,
				6D8933F41A1C86820099A818 /* CPSRootContentWireframe.h */,
				6D8933F51A1C86820099A818 /* CPSRootContentWireframe.m */,
				6D8933E71A1B93090099A818 /* CPSViewControllerContentWireframe.h */,
				6D8933E81A1B93090099A818 /* CPSViewControllerContentWireframe.m */,
			);
			path = Wireframe;
			sourceTree = "<group>";
		};
		6D8933DD1A1B8A830099A818 /* UI */ = {
			isa = PBXGroup;
			children = (
				6D8933DF1A1B8AC50099A818 /* Presenter */,
				6D8933DE1A1B8A9B0099A818 /* View */,
			);
			path = UI;
			sourceTree = "<group>";
		};
		6D8933DE1A1B8A9B0099A818 /* View */ = {
			isa = PBXGroup;
			children = (
				6DEA20CD1A15FF3B001AAC42 /* CPSRevealController.h */,
				6DEA20CE1A15FF3B001AAC42 /* CPSRevealController.m */,
			);
			path = View;
			sourceTree = "<group>";
		};
		6D8933DF1A1B8AC50099A818 /* Presenter */ = {
			isa = PBXGroup;
			children = (
				6D10E1031A10B19F006DD677 /* CPSRootPresenter.h */,
				6D10E1071A10B866006DD677 /* CPSRevealRootPresenter.h */,
				6D10E1081A10B866006DD677 /* CPSRevealRootPresenter.m */,
			);
			path = Presenter;
			sourceTree = "<group>";
		};
		6D8933E01A1B8B700099A818 /* Model */ = {
			isa = PBXGroup;
			children = (
				6D10E1021A10B089006DD677 /* CPSViewControllerProvider.h */,
				6D5432591A1E0F9500746CB7 /* CPSViewControllerProviderUtils.m */,
				6DC8E6591A1247A200197DB3 /* CPSCachedViewControllerProvider.h */,
				6DC8E65A1A1247A200197DB3 /* CPSCachedViewControllerProvider.m */,
			);
			path = Model;
			sourceTree = "<group>";
		};
		6D8933EB1A1B9C470099A818 /* Wireframe */ = {
			isa = PBXGroup;
			children = (
				6D78FC6C1A0B82B70097E4F5 /* CPSRootWireframeTests.m */,
				6D8933F71A1C88100099A818 /* CPSRootContentWireframeTests.m */,
				6D8933EE1A1B9CFF0099A818 /* CPSViewControllerContentWireframeTests.m */,
			);
			path = Wireframe;
			sourceTree = "<group>";
		};
		6D8933EC1A1B9C7D0099A818 /* UI */ = {
			isa = PBXGroup;
			children = (
				6D8933ED1A1B9C8D0099A818 /* Presenter */,
			);
			path = UI;
			sourceTree = "<group>";
		};
		6D8933ED1A1B9C8D0099A818 /* Presenter */ = {
			isa = PBXGroup;
			children = (
				6D10E10F1A10BC3A006DD677 /* CPSRevealRootPresenterTests.m */,
			);
			path = Presenter;
			sourceTree = "<group>";
		};
		6D8DEA171A13C509007C92F8 /* UI */ = {
			isa = PBXGroup;
			children = (
				6D8DEA191A13C525007C92F8 /* Presenter */,
				6D8DEA181A13C51B007C92F8 /* View */,
			);
			path = UI;
			sourceTree = "<group>";
		};
		6D8DEA181A13C51B007C92F8 /* View */ = {
			isa = PBXGroup;
			children = (
				6D8DEA1A1A13C5B8007C92F8 /* CPSMenuTableViewControllerTests.m */,
			);
			path = View;
			sourceTree = "<group>";
		};
		6D8DEA191A13C525007C92F8 /* Presenter */ = {
			isa = PBXGroup;
			children = (
				6DC8E6641A13810800197DB3 /* CPSMenuPresenterTests.m */,
				6DC8E66F1A138B1E00197DB3 /* CPSMenuItemCellPresenterTests.m */,
			);
			path = Presenter;
			sourceTree = "<group>";
		};
		6DBD91701A14AC5B00FA6A51 /* Wireframe */ = {
			isa = PBXGroup;
			children = (
				6DBD91711A14AC7200FA6A51 /* CPSMenuWireframe.h */,
				6DBD91721A14AC7200FA6A51 /* CPSMenuWireframe.m */,
			);
			path = Wireframe;
			sourceTree = "<group>";
		};
		6DC8E64E1A11F7BE00197DB3 /* Logic */ = {
			isa = PBXGroup;
			children = (
				6DC8E64F1A11F7D100197DB3 /* CPSMenuInteractorTests.m */,
				6D5432561A1E0D6C00746CB7 /* CPSRootWireframeMenuDelegateTests.m */,
			);
			path = Logic;
			sourceTree = "<group>";
		};
		6DC8E65C1A12946F00197DB3 /* UI */ = {
			isa = PBXGroup;
			children = (
				6DC8E65D1A12948C00197DB3 /* Presenter */,
				6DC8E6611A12951B00197DB3 /* View */,
			);
			path = UI;
			sourceTree = "<group>";
		};
		6DC8E65D1A12948C00197DB3 /* Presenter */ = {
			isa = PBXGroup;
			children = (
				6DC8E65E1A12949D00197DB3 /* CPSMenuPresenter.h */,
				6DC8E65F1A12949D00197DB3 /* CPSMenuPresenter.m */,
				6DC8E66C1A138A5300197DB3 /* CPSMenuItemCellPresenter.h */,
				6DC8E66D1A138A5300197DB3 /* CPSMenuItemCellPresenter.m */,
				6D8DEA111A139192007C92F8 /* CPSMenuItemTableViewDelegate.h */,
				6D8DEA121A139192007C92F8 /* CPSMenuItemTableViewDelegate.m */,
			);
			path = Presenter;
			sourceTree = "<group>";
		};
		6DC8E6611A12951B00197DB3 /* View */ = {
			isa = PBXGroup;
			children = (
				6DC8E6621A12953F00197DB3 /* CPSMenuViewInterface.h */,
				6DC8E6711A138C8500197DB3 /* CPSMenuItemCellInterface.h */,
				6D8DEA141A13C3D9007C92F8 /* CPSMenuTableViewController.h */,
				6D8DEA151A13C3D9007C92F8 /* CPSMenuTableViewController.m */,
				6D8DEA1C1A14A578007C92F8 /* CPSMenuItemTableViewCell.h */,
				6D8DEA1D1A14A578007C92F8 /* CPSMenuItemTableViewCell.m */,
			);
			path = View;
			sourceTree = "<group>";
		};
		6DC8E6661A1387EB00197DB3 /* Utility */ = {
			isa = PBXGroup;
			children = (
				6DC8E6671A13881D00197DB3 /* Table View Data Sources */,
				6DEA20E21A16201E001AAC42 /* View */,
			);
			path = Utility;
			sourceTree = "<group>";
		};
		6DC8E6671A13881D00197DB3 /* Table View Data Sources */ = {
			isa = PBXGroup;
			children = (
				6DC8E6681A13885500197DB3 /* MCTableViewCellPresenter.h */,
				6DC8E6691A1388DE00197DB3 /* MCArrayTableViewDatasource.h */,
				6DC8E66A1A1388DE00197DB3 /* MCArrayTableViewDatasource.m */,
			);
			path = "Table View Data Sources";
			sourceTree = "<group>";
		};
		6DEA20D01A160385001AAC42 /* Modules */ = {
			isa = PBXGroup;
			children = (
				6D54323D1A1CDFCA00746CB7 /* Intro */,
				6DEA20D11A160396001AAC42 /* Placeholder */,
			);
			path = Modules;
			sourceTree = "<group>";
		};
		6DEA20D11A160396001AAC42 /* Placeholder */ = {
			isa = PBXGroup;
			children = (
				6DEA20D61A16068C001AAC42 /* UI */,
				6DEA20D21A1603AF001AAC42 /* Wireframe */,
			);
			path = Placeholder;
			sourceTree = "<group>";
		};
		6DEA20D21A1603AF001AAC42 /* Wireframe */ = {
			isa = PBXGroup;
			children = (
				6DEA20D31A1603DD001AAC42 /* CPSPlaceholderWireframe.h */,
				6DEA20D41A1603DD001AAC42 /* CPSPlaceholderWireframe.m */,
			);
			path = Wireframe;
			sourceTree = "<group>";
		};
		6DEA20D61A16068C001AAC42 /* UI */ = {
			isa = PBXGroup;
			children = (
				6DEA20DA1A1606D9001AAC42 /* CPSPlaceholderViewInterface.h */,
				6DEA20D71A1606AE001AAC42 /* CPSPlaceholderPresenter.h */,
				6DEA20D81A1606AE001AAC42 /* CPSPlaceholderPresenter.m */,
				6DEA20DB1A16070B001AAC42 /* CPSPlaceholderViewController.h */,
				6DEA20DC1A16070B001AAC42 /* CPSPlaceholderViewController.m */,
			);
			path = UI;
			sourceTree = "<group>";
		};
		6DEA20E21A16201E001AAC42 /* View */ = {
			isa = PBXGroup;
			children = (
				6DEA20E31A162042001AAC42 /* MCMaskedTableView.h */,
				6DEA20E41A162042001AAC42 /* MCMaskedTableView.m */,
			);
			path = View;
			sourceTree = "<group>";
		};
		6DEA20E61A16387E001AAC42 /* Fonts */ = {
			isa = PBXGroup;
			children = (
				6DEA20E71A163890001AAC42 /* Planer_Reg.ttf */,
			);
			path = Fonts;
			sourceTree = "<group>";
		};
		A149F60FFEF6ED2290EABEEA /* Frameworks */ = {
			isa = PBXGroup;
			children = (
				888BB7766EC1DFB252B3FBBC /* libPods.a */,
				1CC7C682EDA3593D283FE74A /* libPods-Cochrane PresentationTests.a */,
			);
			name = Frameworks;
			sourceTree = "<group>";
		};
		A9EC3ADCF9E652372F126187 /* Pods */ = {
			isa = PBXGroup;
			children = (
				34CA437028E5848B3F09F9F6 /* Pods.debug.xcconfig */,
				455A999303C9ED5158A09806 /* Pods.release.xcconfig */,
				2A87F2FA6AD0B26733A8DF01 /* Pods-Cochrane PresentationTests.debug.xcconfig */,
				74A31BB7765D6B7908888057 /* Pods-Cochrane PresentationTests.release.xcconfig */,
			);
			name = Pods;
			sourceTree = "<group>";
		};
/* End PBXGroup section */

/* Begin PBXNativeTarget section */
		6D78FC3A1A0B7A140097E4F5 /* Cochrane Presentation */ = {
			isa = PBXNativeTarget;
			buildConfigurationList = 6D78FC5E1A0B7A140097E4F5 /* Build configuration list for PBXNativeTarget "Cochrane Presentation" */;
			buildPhases = (
				EFB9CD08888E49B212479F5C /* Check Pods Manifest.lock */,
				6D78FC371A0B7A140097E4F5 /* Sources */,
				6D78FC381A0B7A140097E4F5 /* Frameworks */,
				6DA1CB0E1A19DE7A005E44A0 /* ShellScript */,
				6D78FC391A0B7A140097E4F5 /* Resources */,
				2ABF28023AE12E7CC28A8D7C /* Copy Pods Resources */,
			);
			buildRules = (
			);
			dependencies = (
			);
			name = "Cochrane Presentation";
			productName = "Cochrane Presentation";
			productReference = 6D78FC3B1A0B7A140097E4F5 /* Cochrane Presentation.app */;
			productType = "com.apple.product-type.application";
		};
		6D78FC531A0B7A140097E4F5 /* Cochrane PresentationTests */ = {
			isa = PBXNativeTarget;
			buildConfigurationList = 6D78FC611A0B7A140097E4F5 /* Build configuration list for PBXNativeTarget "Cochrane PresentationTests" */;
			buildPhases = (
				208620B3983DA95CB2943F11 /* Check Pods Manifest.lock */,
				6D78FC501A0B7A140097E4F5 /* Sources */,
				6D78FC511A0B7A140097E4F5 /* Frameworks */,
				6DA1CB0F1A19E134005E44A0 /* ShellScript */,
				6D78FC521A0B7A140097E4F5 /* Resources */,
				09B595E9EA63F81A7056BF5A /* Copy Pods Resources */,
			);
			buildRules = (
			);
			dependencies = (
				6D78FC561A0B7A140097E4F5 /* PBXTargetDependency */,
			);
			name = "Cochrane PresentationTests";
			productName = "Cochrane PresentationTests";
			productReference = 6D78FC541A0B7A140097E4F5 /* Cochrane PresentationTests.xctest */;
			productType = "com.apple.product-type.bundle.unit-test";
		};
/* End PBXNativeTarget section */

/* Begin PBXProject section */
		6D78FC331A0B7A140097E4F5 /* Project object */ = {
			isa = PBXProject;
			attributes = {
				CLASSPREFIX = CPS;
				LastUpgradeCheck = 0610;
				ORGANIZATIONNAME = "Mushroom Cloud";
				TargetAttributes = {
					6D78FC3A1A0B7A140097E4F5 = {
						CreatedOnToolsVersion = 6.1;
					};
					6D78FC531A0B7A140097E4F5 = {
						CreatedOnToolsVersion = 6.1;
						TestTargetID = 6D78FC3A1A0B7A140097E4F5;
					};
				};
			};
			buildConfigurationList = 6D78FC361A0B7A140097E4F5 /* Build configuration list for PBXProject "Cochrane Presentation" */;
			compatibilityVersion = "Xcode 3.2";
			developmentRegion = English;
			hasScannedForEncodings = 0;
			knownRegions = (
				en,
				Base,
			);
			mainGroup = 6D78FC321A0B7A140097E4F5;
			productRefGroup = 6D78FC3C1A0B7A140097E4F5 /* Products */;
			projectDirPath = "";
			projectRoot = "";
			targets = (
				6D78FC3A1A0B7A140097E4F5 /* Cochrane Presentation */,
				6D78FC531A0B7A140097E4F5 /* Cochrane PresentationTests */,
			);
		};
/* End PBXProject section */

/* Begin PBXResourcesBuildPhase section */
		6D78FC391A0B7A140097E4F5 /* Resources */ = {
			isa = PBXResourcesBuildPhase;
			buildActionMask = 2147483647;
			files = (
				6D54324F1A1DEFE500746CB7 /* animated_background.mp4 in Resources */,
				6D54325D1A1E1FD300746CB7 /* menu_item_description.plist in Resources */,
				6DEA20E81A1638AA001AAC42 /* Planer_Reg.ttf in Resources */,
				6D78FC4A1A0B7A140097E4F5 /* Main.storyboard in Resources */,
				6D78FC4F1A0B7A140097E4F5 /* LaunchScreen.xib in Resources */,
				6D78FC4C1A0B7A140097E4F5 /* Images.xcassets in Resources */,
			);
			runOnlyForDeploymentPostprocessing = 0;
		};
		6D78FC521A0B7A140097E4F5 /* Resources */ = {
			isa = PBXResourcesBuildPhase;
			buildActionMask = 2147483647;
			files = (
			);
			runOnlyForDeploymentPostprocessing = 0;
		};
/* End PBXResourcesBuildPhase section */

/* Begin PBXShellScriptBuildPhase section */
		09B595E9EA63F81A7056BF5A /* Copy Pods Resources */ = {
			isa = PBXShellScriptBuildPhase;
			buildActionMask = 2147483647;
			files = (
			);
			inputPaths = (
			);
			name = "Copy Pods Resources";
			outputPaths = (
			);
			runOnlyForDeploymentPostprocessing = 0;
			shellPath = /bin/sh;
			shellScript = "\"${SRCROOT}/Pods/Target Support Files/Pods-Cochrane PresentationTests/Pods-Cochrane PresentationTests-resources.sh\"\n";
			showEnvVarsInLog = 0;
		};
		208620B3983DA95CB2943F11 /* Check Pods Manifest.lock */ = {
			isa = PBXShellScriptBuildPhase;
			buildActionMask = 2147483647;
			files = (
			);
			inputPaths = (
			);
			name = "Check Pods Manifest.lock";
			outputPaths = (
			);
			runOnlyForDeploymentPostprocessing = 0;
			shellPath = /bin/sh;
			shellScript = "diff \"${PODS_ROOT}/../Podfile.lock\" \"${PODS_ROOT}/Manifest.lock\" > /dev/null\nif [[ $? != 0 ]] ; then\n    cat << EOM\nerror: The sandbox is not in sync with the Podfile.lock. Run 'pod install' or update your CocoaPods installation.\nEOM\n    exit 1\nfi\n";
			showEnvVarsInLog = 0;
		};
		2ABF28023AE12E7CC28A8D7C /* Copy Pods Resources */ = {
			isa = PBXShellScriptBuildPhase;
			buildActionMask = 2147483647;
			files = (
			);
			inputPaths = (
			);
			name = "Copy Pods Resources";
			outputPaths = (
			);
			runOnlyForDeploymentPostprocessing = 0;
			shellPath = /bin/sh;
			shellScript = "\"${SRCROOT}/Pods/Target Support Files/Pods/Pods-resources.sh\"\n";
			showEnvVarsInLog = 0;
		};
		6DA1CB0E1A19DE7A005E44A0 /* ShellScript */ = {
			isa = PBXShellScriptBuildPhase;
			buildActionMask = 2147483647;
			files = (
			);
			inputPaths = (
			);
			outputPaths = (
			);
			runOnlyForDeploymentPostprocessing = 0;
			shellPath = /bin/bash;
			shellScript = "buildNumber=$(/usr/libexec/PlistBuddy -c \"Print CFBundleVersion\" \"$INFOPLIST_FILE\")\nbuildNumber=$(($buildNumber + 1))\n/usr/libexec/PlistBuddy -c \"Set :CFBundleVersion $buildNumber\" \"$INFOPLIST_FILE\"";
		};
		6DA1CB0F1A19E134005E44A0 /* ShellScript */ = {
			isa = PBXShellScriptBuildPhase;
			buildActionMask = 2147483647;
			files = (
			);
			inputPaths = (
			);
			outputPaths = (
			);
			runOnlyForDeploymentPostprocessing = 0;
			shellPath = /bin/bash;
			shellScript = "buildNumber=$(/usr/libexec/PlistBuddy -c \"Print CFBundleVersion\" \"$INFOPLIST_FILE\")\nbuildNumber=$(($buildNumber + 1))\n/usr/libexec/PlistBuddy -c \"Set :CFBundleVersion $buildNumber\" \"$INFOPLIST_FILE\"";
		};
		EFB9CD08888E49B212479F5C /* Check Pods Manifest.lock */ = {
			isa = PBXShellScriptBuildPhase;
			buildActionMask = 2147483647;
			files = (
			);
			inputPaths = (
			);
			name = "Check Pods Manifest.lock";
			outputPaths = (
			);
			runOnlyForDeploymentPostprocessing = 0;
			shellPath = /bin/sh;
			shellScript = "diff \"${PODS_ROOT}/../Podfile.lock\" \"${PODS_ROOT}/Manifest.lock\" > /dev/null\nif [[ $? != 0 ]] ; then\n    cat << EOM\nerror: The sandbox is not in sync with the Podfile.lock. Run 'pod install' or update your CocoaPods installation.\nEOM\n    exit 1\nfi\n";
			showEnvVarsInLog = 0;
		};
/* End PBXShellScriptBuildPhase section */

/* Begin PBXSourcesBuildPhase section */
		6D78FC371A0B7A140097E4F5 /* Sources */ = {
			isa = PBXSourcesBuildPhase;
			buildActionMask = 2147483647;
			files = (
				6D10E1091A10B866006DD677 /* CPSRevealRootPresenter.m in Sources */,
				6DC8E66E1A138A5300197DB3 /* CPSMenuItemCellPresenter.m in Sources */,
				6D8DEA131A139192007C92F8 /* CPSMenuItemTableViewDelegate.m in Sources */,
				6D5432601A1E279700746CB7 /* CPSMenuItemLoader.m in Sources */,
				6D10E11A1A10C8C0006DD677 /* CPSMenuItem.m in Sources */,
				6DEA20DD1A16070B001AAC42 /* CPSPlaceholderViewController.m in Sources */,
				6D5432551A1E055000746CB7 /* CPSRootWireframeMenuDelegate.m in Sources */,
				6DEA20D91A1606AE001AAC42 /* CPSPlaceholderPresenter.m in Sources */,
				6D8933E91A1B93090099A818 /* CPSViewControllerContentWireframe.m in Sources */,
				6DC8E65B1A1247A200197DB3 /* CPSCachedViewControllerProvider.m in Sources */,
				6D5432421A1CE02B00746CB7 /* CPSAccessPagePresenter.m in Sources */,
				6D5432391A1CD5FE00746CB7 /* CPSBaseWireframe.m in Sources */,
				6DEA20D51A1603DD001AAC42 /* CPSPlaceholderWireframe.m in Sources */,
				6DC8E66B1A1388DE00197DB3 /* MCArrayTableViewDatasource.m in Sources */,
				6DC8E6601A12949D00197DB3 /* CPSMenuPresenter.m in Sources */,
				6DBD91731A14AC7200FA6A51 /* CPSMenuWireframe.m in Sources */,
				6DEA20CF1A15FF3B001AAC42 /* CPSRevealController.m in Sources */,
				6D10E1011A10AFC5006DD677 /* CPSRootWireframe.m in Sources */,
				6D8DEA161A13C3D9007C92F8 /* CPSMenuTableViewController.m in Sources */,
				6D8933F61A1C86820099A818 /* CPSRootContentWireframe.m in Sources */,
				6D8DEA1E1A14A578007C92F8 /* CPSMenuItemTableViewCell.m in Sources */,
				6D54324A1A1CE46E00746CB7 /* CPSAccessPageViewController.m in Sources */,
				6D78FC441A0B7A140097E4F5 /* AppDelegate.m in Sources */,
				6D10E1161A10C677006DD677 /* CPSMenuInteractor.m in Sources */,
				6D61104B1A14BFAA00210E5D /* CPSRootWireframe+MCRevealPresentation.m in Sources */,
				6D78FC411A0B7A140097E4F5 /* main.m in Sources */,
				6DEA20EB1A163A16001AAC42 /* CPSAppearanceConfig.m in Sources */,
				6D54325A1A1E0F9500746CB7 /* CPSViewControllerProviderUtils.m in Sources */,
				6D10E11D1A10C8D8006DD677 /* CPSViewControllerMenuItem.m in Sources */,
				6DEA20E51A162042001AAC42 /* MCMaskedTableView.m in Sources */,
				6DBD91761A14AD2700FA6A51 /* CPSAppContext.m in Sources */,
			);
			runOnlyForDeploymentPostprocessing = 0;
		};
		6D78FC501A0B7A140097E4F5 /* Sources */ = {
			isa = PBXSourcesBuildPhase;
			buildActionMask = 2147483647;
			files = (
				6D8933F01A1B9D4F0099A818 /* CPSViewControllerContentWireframe.m in Sources */,
				6DC8E6701A138B1E00197DB3 /* CPSMenuItemCellPresenterTests.m in Sources */,
				6D5432501A1DF2D100746CB7 /* CPSPlaceholderWireframe.m in Sources */,
				6DC8E6501A11F7D100197DB3 /* CPSMenuInteractorTests.m in Sources */,
				6D8933F81A1C88100099A818 /* CPSRootContentWireframeTests.m in Sources */,
				6D10E1101A10BC3A006DD677 /* CPSRevealRootPresenterTests.m in Sources */,
				6D8DEA1B1A13C5B8007C92F8 /* CPSMenuTableViewControllerTests.m in Sources */,
				6D10E10B1A10B8A4006DD677 /* CPSRootWireframe.m in Sources */,
				6D10E10A1A10B8A1006DD677 /* CPSRevealRootPresenter.m in Sources */,
				6D78FC6D1A0B82B70097E4F5 /* CPSRootWireframeTests.m in Sources */,
				6D10E1241A10D666006DD677 /* CPSMenuInteractor.m in Sources */,
				6D10E1231A10D660006DD677 /* CPSMenuItem.m in Sources */,
				6D5432511A1DF2D500746CB7 /* CPSAccessPageViewController.m in Sources */,
				6D5432571A1E0D6C00746CB7 /* CPSRootWireframeMenuDelegateTests.m in Sources */,
				6DC8E6651A13810800197DB3 /* CPSMenuPresenterTests.m in Sources */,
				6D8933EF1A1B9CFF0099A818 /* CPSViewControllerContentWireframeTests.m in Sources */,
				6D10E1211A10D065006DD677 /* CPSMenuItemTests.m in Sources */,
				6D10E1221A10D65E006DD677 /* CPSViewControllerMenuItem.m in Sources */,
				6D5432521A1DF2D900746CB7 /* CPSAccessPagePresenter.m in Sources */,
			);
			runOnlyForDeploymentPostprocessing = 0;
		};
/* End PBXSourcesBuildPhase section */

/* Begin PBXTargetDependency section */
		6D78FC561A0B7A140097E4F5 /* PBXTargetDependency */ = {
			isa = PBXTargetDependency;
			target = 6D78FC3A1A0B7A140097E4F5 /* Cochrane Presentation */;
			targetProxy = 6D78FC551A0B7A140097E4F5 /* PBXContainerItemProxy */;
		};
/* End PBXTargetDependency section */

/* Begin PBXVariantGroup section */
		6D78FC481A0B7A140097E4F5 /* Main.storyboard */ = {
			isa = PBXVariantGroup;
			children = (
				6D78FC491A0B7A140097E4F5 /* Base */,
			);
			name = Main.storyboard;
			path = ..;
			sourceTree = "<group>";
		};
		6D78FC4D1A0B7A140097E4F5 /* LaunchScreen.xib */ = {
			isa = PBXVariantGroup;
			children = (
				6D78FC4E1A0B7A140097E4F5 /* Base */,
			);
			name = LaunchScreen.xib;
			path = ..;
			sourceTree = "<group>";
		};
/* End PBXVariantGroup section */

/* Begin XCBuildConfiguration section */
		6D78FC5C1A0B7A140097E4F5 /* Debug */ = {
			isa = XCBuildConfiguration;
			buildSettings = {
				ALWAYS_SEARCH_USER_PATHS = NO;
				CLANG_CXX_LANGUAGE_STANDARD = "gnu++0x";
				CLANG_CXX_LIBRARY = "libc++";
				CLANG_ENABLE_MODULES = YES;
				CLANG_ENABLE_OBJC_ARC = YES;
				CLANG_WARN_BOOL_CONVERSION = YES;
				CLANG_WARN_CONSTANT_CONVERSION = YES;
				CLANG_WARN_DIRECT_OBJC_ISA_USAGE = YES_ERROR;
				CLANG_WARN_EMPTY_BODY = YES;
				CLANG_WARN_ENUM_CONVERSION = YES;
				CLANG_WARN_INT_CONVERSION = YES;
				CLANG_WARN_OBJC_ROOT_CLASS = YES_ERROR;
				CLANG_WARN_UNREACHABLE_CODE = YES;
				CLANG_WARN__DUPLICATE_METHOD_MATCH = YES;
				"CODE_SIGN_IDENTITY[sdk=iphoneos*]" = "iPhone Developer";
				COPY_PHASE_STRIP = NO;
				ENABLE_STRICT_OBJC_MSGSEND = YES;
				GCC_C_LANGUAGE_STANDARD = gnu99;
				GCC_DYNAMIC_NO_PIC = NO;
				GCC_OPTIMIZATION_LEVEL = 0;
				GCC_PREPROCESSOR_DEFINITIONS = (
					"DEBUG=1",
					"$(inherited)",
				);
				GCC_SYMBOLS_PRIVATE_EXTERN = NO;
				GCC_WARN_64_TO_32_BIT_CONVERSION = YES;
				GCC_WARN_ABOUT_RETURN_TYPE = YES_ERROR;
				GCC_WARN_UNDECLARED_SELECTOR = YES;
				GCC_WARN_UNINITIALIZED_AUTOS = YES_AGGRESSIVE;
				GCC_WARN_UNUSED_FUNCTION = YES;
				GCC_WARN_UNUSED_VARIABLE = YES;
				IPHONEOS_DEPLOYMENT_TARGET = 8.1;
				MTL_ENABLE_DEBUG_INFO = YES;
				ONLY_ACTIVE_ARCH = YES;
				SDKROOT = iphoneos;
				TARGETED_DEVICE_FAMILY = 2;
			};
			name = Debug;
		};
		6D78FC5D1A0B7A140097E4F5 /* Release */ = {
			isa = XCBuildConfiguration;
			buildSettings = {
				ALWAYS_SEARCH_USER_PATHS = NO;
				CLANG_CXX_LANGUAGE_STANDARD = "gnu++0x";
				CLANG_CXX_LIBRARY = "libc++";
				CLANG_ENABLE_MODULES = YES;
				CLANG_ENABLE_OBJC_ARC = YES;
				CLANG_WARN_BOOL_CONVERSION = YES;
				CLANG_WARN_CONSTANT_CONVERSION = YES;
				CLANG_WARN_DIRECT_OBJC_ISA_USAGE = YES_ERROR;
				CLANG_WARN_EMPTY_BODY = YES;
				CLANG_WARN_ENUM_CONVERSION = YES;
				CLANG_WARN_INT_CONVERSION = YES;
				CLANG_WARN_OBJC_ROOT_CLASS = YES_ERROR;
				CLANG_WARN_UNREACHABLE_CODE = YES;
				CLANG_WARN__DUPLICATE_METHOD_MATCH = YES;
				"CODE_SIGN_IDENTITY[sdk=iphoneos*]" = "iPhone Developer";
				COPY_PHASE_STRIP = YES;
				ENABLE_NS_ASSERTIONS = NO;
				ENABLE_STRICT_OBJC_MSGSEND = YES;
				GCC_C_LANGUAGE_STANDARD = gnu99;
				GCC_WARN_64_TO_32_BIT_CONVERSION = YES;
				GCC_WARN_ABOUT_RETURN_TYPE = YES_ERROR;
				GCC_WARN_UNDECLARED_SELECTOR = YES;
				GCC_WARN_UNINITIALIZED_AUTOS = YES_AGGRESSIVE;
				GCC_WARN_UNUSED_FUNCTION = YES;
				GCC_WARN_UNUSED_VARIABLE = YES;
				IPHONEOS_DEPLOYMENT_TARGET = 8.1;
				MTL_ENABLE_DEBUG_INFO = NO;
				SDKROOT = iphoneos;
				TARGETED_DEVICE_FAMILY = 2;
				VALIDATE_PRODUCT = YES;
			};
			name = Release;
		};
		6D78FC5F1A0B7A140097E4F5 /* Debug */ = {
			isa = XCBuildConfiguration;
			baseConfigurationReference = 34CA437028E5848B3F09F9F6 /* Pods.debug.xcconfig */;
			buildSettings = {
				ASSETCATALOG_COMPILER_APPICON_NAME = AppIcon;
				INFOPLIST_FILE = "Cochrane Presentation/Info.plist";
				IPHONEOS_DEPLOYMENT_TARGET = 8.0;
				LD_RUNPATH_SEARCH_PATHS = "$(inherited) @executable_path/Frameworks";
				PRODUCT_NAME = "$(TARGET_NAME)";
			};
			name = Debug;
		};
		6D78FC601A0B7A140097E4F5 /* Release */ = {
			isa = XCBuildConfiguration;
			baseConfigurationReference = 455A999303C9ED5158A09806 /* Pods.release.xcconfig */;
			buildSettings = {
				ASSETCATALOG_COMPILER_APPICON_NAME = AppIcon;
				INFOPLIST_FILE = "Cochrane Presentation/Info.plist";
				IPHONEOS_DEPLOYMENT_TARGET = 8.0;
				LD_RUNPATH_SEARCH_PATHS = "$(inherited) @executable_path/Frameworks";
				PRODUCT_NAME = "$(TARGET_NAME)";
			};
			name = Release;
		};
		6D78FC621A0B7A140097E4F5 /* Debug */ = {
			isa = XCBuildConfiguration;
			baseConfigurationReference = 2A87F2FA6AD0B26733A8DF01 /* Pods-Cochrane PresentationTests.debug.xcconfig */;
			buildSettings = {
				BUNDLE_LOADER = "$(TEST_HOST)";
				FRAMEWORK_SEARCH_PATHS = (
					"$(SDKROOT)/Developer/Library/Frameworks",
					"$(inherited)",
				);
				GCC_PREPROCESSOR_DEFINITIONS = (
					"DEBUG=1",
					"$(inherited)",
				);
				INFOPLIST_FILE = "Cochrane PresentationTests/Info.plist";
				LD_RUNPATH_SEARCH_PATHS = "$(inherited) @executable_path/Frameworks @loader_path/Frameworks";
				PRODUCT_NAME = "$(TARGET_NAME)";
				TEST_HOST = "$(BUILT_PRODUCTS_DIR)/Cochrane Presentation.app/Cochrane Presentation";
			};
			name = Debug;
		};
		6D78FC631A0B7A140097E4F5 /* Release */ = {
			isa = XCBuildConfiguration;
			baseConfigurationReference = 74A31BB7765D6B7908888057 /* Pods-Cochrane PresentationTests.release.xcconfig */;
			buildSettings = {
				BUNDLE_LOADER = "$(TEST_HOST)";
				FRAMEWORK_SEARCH_PATHS = (
					"$(SDKROOT)/Developer/Library/Frameworks",
					"$(inherited)",
				);
				INFOPLIST_FILE = "Cochrane PresentationTests/Info.plist";
				LD_RUNPATH_SEARCH_PATHS = "$(inherited) @executable_path/Frameworks @loader_path/Frameworks";
				PRODUCT_NAME = "$(TARGET_NAME)";
				TEST_HOST = "$(BUILT_PRODUCTS_DIR)/Cochrane Presentation.app/Cochrane Presentation";
			};
			name = Release;
		};
/* End XCBuildConfiguration section */

/* Begin XCConfigurationList section */
		6D78FC361A0B7A140097E4F5 /* Build configuration list for PBXProject "Cochrane Presentation" */ = {
			isa = XCConfigurationList;
			buildConfigurations = (
				6D78FC5C1A0B7A140097E4F5 /* Debug */,
				6D78FC5D1A0B7A140097E4F5 /* Release */,
			);
			defaultConfigurationIsVisible = 0;
			defaultConfigurationName = Release;
		};
		6D78FC5E1A0B7A140097E4F5 /* Build configuration list for PBXNativeTarget "Cochrane Presentation" */ = {
			isa = XCConfigurationList;
			buildConfigurations = (
				6D78FC5F1A0B7A140097E4F5 /* Debug */,
				6D78FC601A0B7A140097E4F5 /* Release */,
			);
			defaultConfigurationIsVisible = 0;
			defaultConfigurationName = Release;
		};
		6D78FC611A0B7A140097E4F5 /* Build configuration list for PBXNativeTarget "Cochrane PresentationTests" */ = {
			isa = XCConfigurationList;
			buildConfigurations = (
				6D78FC621A0B7A140097E4F5 /* Debug */,
				6D78FC631A0B7A140097E4F5 /* Release */,
			);
			defaultConfigurationIsVisible = 0;
			defaultConfigurationName = Release;
		};
/* End XCConfigurationList section */
	};
	rootObject = 6D78FC331A0B7A140097E4F5 /* Project object */;
}
